# This file is autogenerated, do not edit; changes may be undone by the next 'dep ensure'.


[[projects]]
  name = "github.com/PuerkitoBio/purell"
  packages = ["."]
  revision = "0bcb03f4b4d0a9428594752bd2a3b9aa0a9d4bd4"
  version = "v1.1.0"

[[projects]]
  branch = "master"
  name = "github.com/PuerkitoBio/urlesc"
  packages = ["."]
  revision = "de5bf2ad457846296e2031421a34e2568e304e35"

[[projects]]
  name = "github.com/emicklei/go-restful"
  packages = [".","log"]
  revision = "7a380bfc22e94bfe4fc605b9a15a7be1347ebe39"
  version = "v2.3.0"

[[projects]]
  branch = "master"
  name = "github.com/go-openapi/jsonpointer"
  packages = ["."]
  revision = "779f45308c19820f1a69e9a4cd965f496e0da10f"

[[projects]]
  branch = "master"
  name = "github.com/go-openapi/jsonreference"
  packages = ["."]
  revision = "36d33bfe519efae5632669801b180bf1a245da3b"

[[projects]]
  branch = "master"
  name = "github.com/go-openapi/spec"
  packages = ["."]
  revision = "7abd5745472fff5eb3685386d5fb8bf38683154d"

[[projects]]
  branch = "master"
  name = "github.com/go-openapi/swag"
  packages = ["."]
  revision = "f3f9494671f93fcff853e3c6e9e948b3eb71e590"

[[projects]]
  name = "github.com/gogo/protobuf"
  packages = ["proto","sortkeys"]
  revision = "100ba4e885062801d56799d78530b73b178a78f3"
  version = "v0.4"

[[projects]]
  branch = "master"
  name = "github.com/golang/glog"
  packages = ["."]
  revision = "23def4e6c14b4da8ac2ed8007337bc5eb5007998"

[[projects]]
  branch = "master"
  name = "github.com/google/gofuzz"
  packages = ["."]
  revision = "24818f796faf91cd76ec7bddd72458fbced7a6c1"

[[projects]]
  branch = "master"
  name = "github.com/mailru/easyjson"
  packages = ["buffer","jlexer","jwriter"]
  revision = "2a92e673c9a6302dd05c3a691ae1f24aef46457d"

[[projects]]
  name = "github.com/spf13/pflag"
  packages = ["."]
  revision = "e57e3eeb33f795204c1ca35f56c44f83227c6e66"
  version = "v1.0.0"

[[projects]]
  branch = "master"
  name = "golang.org/x/net"
  packages = ["http2","http2/hpack","idna","lex/httplex"]
  revision = "8351a756f30f1297fe94bbf4b767ec589c6ea6d0"

[[projects]]
  branch = "master"
  name = "golang.org/x/text"
  packages = ["collate","collate/build","internal/colltab","internal/gen","internal/tag","internal/triegen","internal/ucd","language","secure/bidirule","transform","unicode/bidi","unicode/cldr","unicode/norm","unicode/rangetable","width"]
  revision = "1cbadb444a806fd9430d14ad08967ed91da4fa0a"

[[projects]]
  name = "gopkg.in/inf.v0"
  packages = ["."]
  revision = "3887ee99ecf07df5b447e9b00d9c0b2adaa9f3e4"
  version = "v0.9.0"

[[projects]]
  branch = "v2"
  name = "gopkg.in/yaml.v2"
  packages = ["."]
  revision = "eb3733d160e74a9c7e442f435eb3bea458e1d19f"

[[projects]]
  branch = "release-1.7"
  name = "k8s.io/apimachinery"
  packages = ["pkg/api/resource","pkg/apis/meta/v1","pkg/conversion","pkg/conversion/queryparams","pkg/fields","pkg/labels","pkg/openapi","pkg/runtime","pkg/runtime/schema","pkg/selection","pkg/types","pkg/util/errors","pkg/util/intstr","pkg/util/net","pkg/util/runtime","pkg/util/sets","pkg/util/validation","pkg/util/wait","pkg/watch","third_party/forked/golang/reflect"]
  revision = "8ab5f3d8a330c2e9baaf84e39042db8d49034ae2"

[solve-meta]
  analyzer-name = "dep"
  analyzer-version = 1
  inputs-digest = "5dffe817a87572bd2e167280ce6c56d7428929d5c891e25f3c2be1ec67ab3c34"
  solver-name = "gps-cdcl"
  solver-version = 1
